
Microsoft Visual Studio Solution File, Format Version 12.00
# Visual Studio Version 17
VisualStudioVersion = 17.4.33205.214
MinimumVisualStudioVersion = 10.0.40219.1
Project("{FAE04EC0-301F-11D3-BF4B-00C04F79EFBC}") = "SFQG", "SFQG\SFQG.csproj", "{D4693FD3-E19E-44ED-B2BE-D1B18E351B52}"
EndProject
Project("{E53339B2-1760-4266-BCC7-CA923CBCF16C}") = "docker-compose", "docker-compose.dcproj", "{07846D7B-0A42-45D2-8F02-6605FC086E64}"
EndProject
Global
	GlobalSection(SolutionConfigurationPlatforms) = preSolution
		Debug|Any CPU = Debug|Any CPU
		Release|Any CPU = Release|Any CPU
	EndGlobalSection
	GlobalSection(ProjectConfigurationPlatforms) = postSolution
		{D4693FD3-E19E-44ED-B2BE-D1B18E351B52}.Debug|Any CPU.ActiveCfg = Debug|Any CPU
		{D4693FD3-E19E-44ED-B2BE-D1B18E351B52}.Debug|Any CPU.Build.0 = Debug|Any CPU
		{D4693FD3-E19E-44ED-B2BE-D1B18E351B52}.Release|Any CPU.ActiveCfg = Release|Any CPU
		{D4693FD3-E19E-44ED-B2BE-D1B18E351B52}.Release|Any CPU.Build.0 = Release|Any CPU
		{07846D7B-0A42-45D2-8F02-6605FC086E64}.Debug|Any CPU.ActiveCfg = Debug|Any CPU
		{07846D7B-0A42-45D2-8F02-6605FC086E64}.Debug|Any CPU.Build.0 = Debug|Any CPU
		{07846D7B-0A42-45D2-8F02-6605FC086E64}.Release|Any CPU.ActiveCfg = Release|Any CPU
		{07846D7B-0A42-45D2-8F02-6605FC086E64}.Release|Any CPU.Build.0 = Release|Any CPU
	EndGlobalSection
	GlobalSection(SolutionProperties) = preSolution
		HideSolutionNode = FALSE
	EndGlobalSection
	GlobalSection(ExtensibilityGlobals) = postSolution
		SolutionGuid = {A7B5C4CF-173A-409F-8133-4033D11539B0}
	EndGlobalSection
EndGlobal
